github.com/felixge/httpsnoop v1.0.1 h1:lvB5Jl89CsZtGIWuTcDM1E/vkVs49/Ml7JJe07l8SPQ=
github.com/felixge/httpsnoop v1.0.1/go.mod h1:m8KPJKqk1gH5J9DgRY2ASl2lWCfGKXixSwevea8zH2U=
github.com/felixge/httpsnoop v1.0.2 h1:+nS9g82KMXccJ/wp0zyRW9ZBHFETmMGtkk+2CTTrW4o=
github.com/felixge/httpsnoop v1.0.2/go.mod h1:m8KPJKqk1gH5J9DgRY2ASl2lWCfGKXixSwevea8zH2U=
github.com/gorilla/handlers v1.5.1 h1:9lRY6j8DEeeBT10CvO9hGW0gmky0BprnvDI5vfhUHH4=
github.com/gorilla/handlers v1.5.1/go.mod h1:t8XrUpc4KVXb7HGyJ4/cEnwQiaxrX/hz1Zv/4g96P1Q=
github.com/julienschmidt/httprouter v1.3.0 h1:U0609e9tgbseu3rBINet9P48AI/D3oJs4dN7jwJOQ1U=
github.com/julienschmidt/httprouter v1.3.0/go.mod h1:JR6WtHb+2LUe8TCKY3cZOxFyyO8IZAc4RVcycCCAKdM=
github.com/justinas/alice v1.2.0 h1:+MHSA/vccVCF4Uq37S42jwlkvI2Xzl7zTPCN5BnZNVo=
github.com/justinas/alice v1.2.0/go.mod h1:fN5HRH/reO/zrUflLfTN43t3vXvKzvZIENsNEe7i7qA=
github.com/sethvargo/go-limiter v0.6.0 h1:186jmCdl1ItQUXbHFdTBrFSZztN6/bL9855C5jfMlKU=
github.com/sethvargo/go-limiter v0.6.0/go.mod h1:C0kbSFbiriE5k2FFOe18M1YZbAR2Fiwf72uGu0CXCcU=
github.com/sethvargo/go-limiter v0.7.0 h1:CSvIHUxzNBVmsopHcMmYANZMsJFFJTi9kO+Ms+EYIhM=
github.com/sethvargo/go-limiter v0.7.0/go.mod h1:C0kbSFbiriE5k2FFOe18M1YZbAR2Fiwf72uGu0CXCcU=
github.com/unrolled/secure v1.0.8 h1:JaMvKbe4CRt8oyxVXn+xY+6jlqd7pyJNSVkmsBxxQsM=
github.com/unrolled/secure v1.0.8/go.mod h1:fO+mEan+FLB0CdEnHf6Q4ZZVNqG+5fuLFnP8p0BXDPI=
github.com/unrolled/secure v1.0.9 h1:BWRuEb1vDrBFFDdbCnKkof3gZ35I/bnHGyt0LB0TNyQ=
github.com/unrolled/secure v1.0.9/go.mod h1:fO+mEan+FLB0CdEnHf6Q4ZZVNqG+5fuLFnP8p0BXDPI=
github.com/urfave/negroni v1.0.0 h1:kIimOitoypq34K7TG7DUaJ9kq/N4Ofuwi1sjz0KipXc=
github.com/urfave/negroni v1.0.0/go.mod h1:Meg73S6kFm/4PpbYdq35yYWoCZ9mS/YSx+lKnmiohz4=
